<Solution>
  <Project Path="TOOL-SHARED.Contracts/TOOL-SHARED.Contracts.csproj" />
  <Project Path="TOOL-DISTRIBUTION/TOOL-DISTRIBUTION.csproj" />
  <Project Path="TOOL-LOCAL/TOOL-LOCAL.csproj" />
  <Project Path="TOOL-SERVER/TOOL-SERVER.csproj" />
  <Project Path="TOOL-TESTS/TOOL-TESTS.csproj" />
  <Project Path="TOOL-UPDATER/TOOL-UPDATER.csproj" />
  <Project Path="TOOL-SETUP/TOOL-SETUP.csproj" />
</Solution>
